// !$*UTF8*$!
{
	archiveVersion = 1;
	classes = {
	};
	objectVersion = 50;
	objects = {

/* Begin PBXBuildFile section */
		7F55C89C23BF504F00767455 /* AppDelegate.swift in Sources */ = {isa = PBXBuildFile; fileRef = 7F55C89B23BF504F00767455 /* AppDelegate.swift */; };
		7F55C89E23BF504F00767455 /* SceneDelegate.swift in Sources */ = {isa = PBXBuildFile; fileRef = 7F55C89D23BF504F00767455 /* SceneDelegate.swift */; };
		7F55C8A023BF504F00767455 /* ContentView.swift in Sources */ = {isa = PBXBuildFile; fileRef = 7F55C89F23BF504F00767455 /* ContentView.swift */; };
		7F55C8A223BF505700767455 /* Assets.xcassets in Resources */ = {isa = PBXBuildFile; fileRef = 7F55C8A123BF505700767455 /* Assets.xcassets */; };
		7F55C8A523BF505700767455 /* Preview Assets.xcassets in Resources */ = {isa = PBXBuildFile; fileRef = 7F55C8A423BF505700767455 /* Preview Assets.xcassets */; };
		7F55C8A823BF505700767455 /* LaunchScreen.storyboard in Resources */ = {isa = PBXBuildFile; fileRef = 7F55C8A623BF505700767455 /* LaunchScreen.storyboard */; };
		7FE08B6E23E2DC33006C7326 /* diethylether.m4a in Resources */ = {isa = PBXBuildFile; fileRef = 7FE08B6B23E2DC33006C7326 /* diethylether.m4a */; };
		7FE08B6F23E2DC33006C7326 /* gaskromatograf.m4a in Resources */ = {isa = PBXBuildFile; fileRef = 7FE08B6C23E2DC33006C7326 /* gaskromatograf.m4a */; };
		7FE08B7023E2DC33006C7326 /* put-diethylether-i-gaskromatograf.m4a in Resources */ = {isa = PBXBuildFile; fileRef = 7FE08B6D23E2DC33006C7326 /* put-diethylether-i-gaskromatograf.m4a */; };
/* End PBXBuildFile section */

/* Begin PBXContainerItemProxy section */
		7F55C8AF23BF505700767455 /* PBXContainerItemProxy */ = {
			isa = PBXContainerItemProxy;
			containerPortal = 7F55C89023BF504F00767455 /* Project object */;
			proxyType = 1;
			remoteGlobalIDString = 7F55C89723BF504F00767455;
			remoteInfo = SpeechRecognitionDemo;
		};
/* End PBXContainerItemProxy section */

/* Begin PBXFileReference section */
		7F55C89823BF504F00767455 /* SpeechRecognitionDemo.app */ = {isa = PBXFileReference; explicitFileType = wrapper.application; includeInIndex = 0; path = SpeechRecognitionDemo.app; sourceTree = BUILT_PRODUCTS_DIR; };
		7F55C89B23BF504F00767455 /* AppDelegate.swift */ = {isa = PBXFileReference; lastKnownFileType = sourcecode.swift; path = AppDelegate.swift; sourceTree = "<group>"; };
		7F55C89D23BF504F00767455 /* SceneDelegate.swift */ = {isa = PBXFileReference; lastKnownFileType = sourcecode.swift; path = SceneDelegate.swift; sourceTree = "<group>"; };
		7F55C89F23BF504F00767455 /* ContentView.swift */ = {isa = PBXFileReference; lastKnownFileType = sourcecode.swift; path = ContentView.swift; sourceTree = "<group>"; };
		7F55C8A123BF505700767455 /* Assets.xcassets */ = {isa = PBXFileReference; lastKnownFileType = folder.assetcatalog; path = Assets.xcassets; sourceTree = "<group>"; };
		7F55C8A423BF505700767455 /* Preview Assets.xcassets */ = {isa = PBXFileReference; lastKnownFileType = folder.assetcatalog; path = "Preview Assets.xcassets"; sourceTree = "<group>"; };
		7F55C8A723BF505700767455 /* Base */ = {isa = PBXFileReference; lastKnownFileType = file.storyboard; name = Base; path = Base.lproj/LaunchScreen.storyboard; sourceTree = "<group>"; };
		7F55C8A923BF505700767455 /* Info.plist */ = {isa = PBXFileReference; lastKnownFileType = text.plist.xml; path = Info.plist; sourceTree = "<group>"; };
		7F55C8AE23BF505700767455 /* SpeechRecognitionDemoTests.xctest */ = {isa = PBXFileReference; explicitFileType = wrapper.cfbundle; includeInIndex = 0; path = SpeechRecognitionDemoTests.xctest; sourceTree = BUILT_PRODUCTS_DIR; };
		7F55C8B423BF505700767455 /* Info.plist */ = {isa = PBXFileReference; lastKnownFileType = text.plist.xml; path = Info.plist; sourceTree = "<group>"; };
		7FE08B6B23E2DC33006C7326 /* diethylether.m4a */ = {isa = PBXFileReference; lastKnownFileType = file; path = diethylether.m4a; sourceTree = "<group>"; };
		7FE08B6C23E2DC33006C7326 /* gaskromatograf.m4a */ = {isa = PBXFileReference; lastKnownFileType = file; path = gaskromatograf.m4a; sourceTree = "<group>"; };
		7FE08B6D23E2DC33006C7326 /* put-diethylether-i-gaskromatograf.m4a */ = {isa = PBXFileReference; lastKnownFileType = file; path = "put-diethylether-i-gaskromatograf.m4a"; sourceTree = "<group>"; };
/* End PBXFileReference section */

/* Begin PBXFrameworksBuildPhase section */
		7F55C89523BF504F00767455 /* Frameworks */ = {
			isa = PBXFrameworksBuildPhase;
			buildActionMask = 2147483647;
			files = (
			);
			runOnlyForDeploymentPostprocessing = 0;
		};
		7F55C8AB23BF505700767455 /* Frameworks */ = {
			isa = PBXFrameworksBuildPhase;
			buildActionMask = 2147483647;
			files = (
			);
			runOnlyForDeploymentPostprocessing = 0;
		};
/* End PBXFrameworksBuildPhase section */

/* Begin PBXGroup section */
		7F55C88F23BF504F00767455 = {
			isa = PBXGroup;
			children = (
				7FE08B6B23E2DC33006C7326 /* diethylether.m4a */,
				7FE08B6C23E2DC33006C7326 /* gaskromatograf.m4a */,
				7FE08B6D23E2DC33006C7326 /* put-diethylether-i-gaskromatograf.m4a */,
				7F55C89A23BF504F00767455 /* SpeechRecognitionDemo */,
				7F55C8B123BF505700767455 /* SpeechRecognitionDemoTests */,
				7F55C89923BF504F00767455 /* Products */,
			);
			sourceTree = "<group>";
		};
		7F55C89923BF504F00767455 /* Products */ = {
			isa = PBXGroup;
			children = (
				7F55C89823BF504F00767455 /* SpeechRecognitionDemo.app */,
				7F55C8AE23BF505700767455 /* SpeechRecognitionDemoTests.xctest */,
			);
			name = Products;
			sourceTree = "<group>";
		};
		7F55C89A23BF504F00767455 /* SpeechRecognitionDemo */ = {
			isa = PBXGroup;
			children = (
				7F55C89B23BF504F00767455 /* AppDelegate.swift */,
				7F55C89D23BF504F00767455 /* SceneDelegate.swift */,
				7F55C89F23BF504F00767455 /* ContentView.swift */,
				7F55C8A123BF505700767455 /* Assets.xcassets */,
				7F55C8A623BF505700767455 /* LaunchScreen.storyboard */,
				7F55C8A923BF505700767455 /* Info.plist */,
				7F55C8A323BF505700767455 /* Preview Content */,
			);
			path = SpeechRecognitionDemo;
			sourceTree = "<group>";
		};
		7F55C8A323BF505700767455 /* Preview Content */ = {
			isa = PBXGroup;
			children = (
				7F55C8A423BF505700767455 /* Preview Assets.xcassets */,
			);
			path = "Preview Content";
			sourceTree = "<group>";
		};
		7F55C8B123BF505700767455 /* SpeechRecognitionDemoTests */ = {
			isa = PBXGroup;
			children = (
				7F55C8B423BF505700767455 /* Info.plist */,
			);
			path = SpeechRecognitionDemoTests;
			sourceTree = "<group>";
		};
/* End PBXGroup section */

/* Begin PBXNativeTarget section */
		7F55C89723BF504F00767455 /* SpeechRecognitionDemo */ = {
			isa = PBXNativeTarget;
			buildConfigurationList = 7F55C8B723BF505700767455 /* Build configuration list for PBXNativeTarget "SpeechRecognitionDemo" */;
			buildPhases = (
				7F55C89423BF504F00767455 /* Sources */,
				7F55C89523BF504F00767455 /* Frameworks */,
				7F55C89623BF504F00767455 /* Resources */,
			);
			buildRules = (
			);
			dependencies = (
			);
			name = SpeechRecognitionDemo;
			productName = SpeechRecognitionDemo;
			productReference = 7F55C89823BF504F00767455 /* SpeechRecognitionDemo.app */;
			productType = "com.apple.product-type.application";
		};
		7F55C8AD23BF505700767455 /* SpeechRecognitionDemoTests */ = {
			isa = PBXNativeTarget;
			buildConfigurationList = 7F55C8BA23BF505700767455 /* Build configuration list for PBXNativeTarget "SpeechRecognitionDemoTests" */;
			buildPhases = (
				7F55C8AA23BF505700767455 /* Sources */,
				7F55C8AB23BF505700767455 /* Frameworks */,
				7F55C8AC23BF505700767455 /* Resources */,
			);
			buildRules = (
			);
			dependencies = (
				7F55C8B023BF505700767455 /* PBXTargetDependency */,
			);
			name = SpeechRecognitionDemoTests;
			productName = SpeechRecognitionDemoTests;
			productReference = 7F55C8AE23BF505700767455 /* SpeechRecognitionDemoTests.xctest */;
			productType = "com.apple.product-type.bundle.unit-test";
		};
/* End PBXNativeTarget section */

/* Begin PBXProject section */
		7F55C89023BF504F00767455 /* Project object */ = {
			isa = PBXProject;
			attributes = {
				LastSwiftUpdateCheck = 1120;
				LastUpgradeCheck = 1120;
				ORGANIZATIONNAME = mjolner;
				TargetAttributes = {
					7F55C89723BF504F00767455 = {
						CreatedOnToolsVersion = 11.2.1;
					};
					7F55C8AD23BF505700767455 = {
						CreatedOnToolsVersion = 11.2.1;
						TestTargetID = 7F55C89723BF504F00767455;
					};
				};
			};
			buildConfigurationList = 7F55C89323BF504F00767455 /* Build configuration list for PBXProject "SpeechRecognitionDemo" */;
			compatibilityVersion = "Xcode 9.3";
			developmentRegion = en;
			hasScannedForEncodings = 0;
			knownRegions = (
				en,
				Base,
			);
			mainGroup = 7F55C88F23BF504F00767455;
			productRefGroup = 7F55C89923BF504F00767455 /* Products */;
			projectDirPath = "";
			projectRoot = "";
			targets = (
				7F55C89723BF504F00767455 /* SpeechRecognitionDemo */,
				7F55C8AD23BF505700767455 /* SpeechRecognitionDemoTests */,
			);
		};
/* End PBXProject section */

/* Begin PBXResourcesBuildPhase section */
		7F55C89623BF504F00767455 /* Resources */ = {
			isa = PBXResourcesBuildPhase;
			buildActionMask = 2147483647;
			files = (
				7F55C8A823BF505700767455 /* LaunchScreen.storyboard in Resources */,
				7F55C8A523BF505700767455 /* Preview Assets.xcassets in Resources */,
				7FE08B6E23E2DC33006C7326 /* diethylether.m4a in Resources */,
				7FE08B6F23E2DC33006C7326 /* gaskromatograf.m4a in Resources */,
				7F55C8A223BF505700767455 /* Assets.xcassets in Resources */,
				7FE08B7023E2DC33006C7326 /* put-diethylether-i-gaskromatograf.m4a in Resources */,
			);
			runOnlyForDeploymentPostprocessing = 0;
		};
		7F55C8AC23BF505700767455 /* Resources */ = {
			isa = PBXResourcesBuildPhase;
			buildActionMask = 2147483647;
			files = (
			);
			runOnlyForDeploymentPostprocessing = 0;
		};
/* End PBXResourcesBuildPhase section */

/* Begin PBXSourcesBuildPhase section */
		7F55C89423BF504F00767455 /* Sources */ = {
			isa = PBXSourcesBuildPhase;
			buildActionMask = 2147483647;
			files = (
				7F55C89C23BF504F00767455 /* AppDelegate.swift in Sources */,
				7F55C89E23BF504F00767455 /* SceneDelegate.swift in Sources */,
				7F55C8A023BF504F00767455 /* ContentView.swift in Sources */,
			);
			runOnlyForDeploymentPostprocessing = 0;
		};
		7F55C8AA23BF505700767455 /* Sources */ = {
			isa = PBXSourcesBuildPhase;
			buildActionMask = 2147483647;
			files = (
			);
			runOnlyForDeploymentPostprocessing = 0;
		};
/* End PBXSourcesBuildPhase section */

/* Begin PBXTargetDependency section */
		7F55C8B023BF505700767455 /* PBXTargetDependency */ = {
			isa = PBXTargetDependency;
			target = 7F55C89723BF504F00767455 /* SpeechRecognitionDemo */;
			targetProxy = 7F55C8AF23BF505700767455 /* PBXContainerItemProxy */;
		};
/* End PBXTargetDependency section */

/* Begin PBXVariantGroup section */
		7F55C8A623BF505700767455 /* LaunchScreen.storyboard */ = {
			isa = PBXVariantGroup;
			children = (
				7F55C8A723BF505700767455 /* Base */,
			);
			name = LaunchScreen.storyboard;
			sourceTree = "<group>";
		};
/* End PBXVariantGroup section */

/* Begin XCBuildConfiguration section */
		7F55C8B523BF505700767455 /* Debug */ = {
			isa = XCBuildConfiguration;
			buildSettings = {
				ALWAYS_SEARCH_USER_PATHS = NO;
				CLANG_ANALYZER_NONNULL = YES;
				CLANG_ANALYZER_NUMBER_OBJECT_CONVERSION = YES_AGGRESSIVE;
				CLANG_CXX_LANGUAGE_STANDARD = "gnu++14";
				CLANG_CXX_LIBRARY = "libc++";
				CLANG_ENABLE_MODULES = YES;
				CLANG_ENABLE_OBJC_ARC = YES;
				CLANG_ENABLE_OBJC_WEAK = YES;
				CLANG_WARN_BLOCK_CAPTURE_AUTORELEASING = YES;
				CLANG_WARN_BOOL_CONVERSION = YES;
				CLANG_WARN_COMMA = YES;
				CLANG_WARN_CONSTANT_CONVERSION = YES;
				CLANG_WARN_DEPRECATED_OBJC_IMPLEMENTATIONS = YES;
				CLANG_WARN_DIRECT_OBJC_ISA_USAGE = YES_ERROR;
				CLANG_WARN_DOCUMENTATION_COMMENTS = YES;
				CLANG_WARN_EMPTY_BODY = YES;
				CLANG_WARN_ENUM_CONVERSION = YES;
				CLANG_WARN_INFINITE_RECURSION = YES;
				CLANG_WARN_INT_CONVERSION = YES;
				CLANG_WARN_NON_LITERAL_NULL_CONVERSION = YES;
				CLANG_WARN_OBJC_IMPLICIT_RETAIN_SELF = YES;
				CLANG_WARN_OBJC_LITERAL_CONVERSION = YES;
				CLANG_WARN_OBJC_ROOT_CLASS = YES_ERROR;
				CLANG_WARN_RANGE_LOOP_ANALYSIS = YES;
				CLANG_WARN_STRICT_PROTOTYPES = YES;
				CLANG_WARN_SUSPICIOUS_MOVE = YES;
				CLANG_WARN_UNGUARDED_AVAILABILITY = YES_AGGRESSIVE;
				CLANG_WARN_UNREACHABLE_CODE = YES;
				CLANG_WARN__DUPLICATE_METHOD_MATCH = YES;
				COPY_PHASE_STRIP = NO;
				DEBUG_INFORMATION_FORMAT = dwarf;
				ENABLE_STRICT_OBJC_MSGSEND = YES;
				ENABLE_TESTABILITY = YES;
				GCC_C_LANGUAGE_STANDARD = gnu11;
				GCC_DYNAMIC_NO_PIC = NO;
				GCC_NO_COMMON_BLOCKS = YES;
				GCC_OPTIMIZATION_LEVEL = 0;
				GCC_PREPROCESSOR_DEFINITIONS = (
					"DEBUG=1",
					"$(inherited)",
				);
				GCC_WARN_64_TO_32_BIT_CONVERSION = YES;
				GCC_WARN_ABOUT_RETURN_TYPE = YES_ERROR;
				GCC_WARN_UNDECLARED_SELECTOR = YES;
				GCC_WARN_UNINITIALIZED_AUTOS = YES_AGGRESSIVE;
				GCC_WARN_UNUSED_FUNCTION = YES;
				GCC_WARN_UNUSED_VARIABLE = YES;
				IPHONEOS_DEPLOYMENT_TARGET = 13.2;
				MTL_ENABLE_DEBUG_INFO = INCLUDE_SOURCE;
				MTL_FAST_MATH = YES;
				ONLY_ACTIVE_ARCH = YES;
				SDKROOT = iphoneos;
				SWIFT_ACTIVE_COMPILATION_CONDITIONS = DEBUG;
				SWIFT_OPTIMIZATION_LEVEL = "-Onone";
			};
			name = Debug;
		};
		7F55C8B623BF505700767455 /* Release */ = {
			isa = XCBuildConfiguration;
			buildSettings = {
				ALWAYS_SEARCH_USER_PATHS = NO;
				CLANG_ANALYZER_NONNULL = YES;
				CLANG_ANALYZER_NUMBER_OBJECT_CONVERSION = YES_AGGRESSIVE;
				CLANG_CXX_LANGUAGE_STANDARD = "gnu++14";
				CLANG_CXX_LIBRARY = "libc++";
				CLANG_ENABLE_MODULES = YES;
				CLANG_ENABLE_OBJC_ARC = YES;
				CLANG_ENABLE_OBJC_WEAK = YES;
				CLANG_WARN_BLOCK_CAPTURE_AUTORELEASING = YES;
				CLANG_WARN_BOOL_CONVERSION = YES;
				CLANG_WARN_COMMA = YES;
				CLANG_WARN_CONSTANT_CONVERSION = YES;
				CLANG_WARN_DEPRECATED_OBJC_IMPLEMENTATIONS = YES;
				CLANG_WARN_DIRECT_OBJC_ISA_USAGE = YES_ERROR;
				CLANG_WARN_DOCUMENTATION_COMMENTS = YES;
				CLANG_WARN_EMPTY_BODY = YES;
				CLANG_WARN_ENUM_CONVERSION = YES;
				CLANG_WARN_INFINITE_RECURSION = YES;
				CLANG_WARN_INT_CONVERSION = YES;
				CLANG_WARN_NON_LITERAL_NULL_CONVERSION = YES;
				CLANG_WARN_OBJC_IMPLICIT_RETAIN_SELF = YES;
				CLANG_WARN_OBJC_LITERAL_CONVERSION = YES;
				CLANG_WARN_OBJC_ROOT_CLASS = YES_ERROR;
				CLANG_WARN_RANGE_LOOP_ANALYSIS = YES;
				CLANG_WARN_STRICT_PROTOTYPES = YES;
				CLANG_WARN_SUSPICIOUS_MOVE = YES;
				CLANG_WARN_UNGUARDED_AVAILABILITY = YES_AGGRESSIVE;
				CLANG_WARN_UNREACHABLE_CODE = YES;
				CLANG_WARN__DUPLICATE_METHOD_MATCH = YES;
				COPY_PHASE_STRIP = NO;
				DEBUG_INFORMATION_FORMAT = "dwarf-with-dsym";
				ENABLE_NS_ASSERTIONS = NO;
				ENABLE_STRICT_OBJC_MSGSEND = YES;
				GCC_C_LANGUAGE_STANDARD = gnu11;
				GCC_NO_COMMON_BLOCKS = YES;
				GCC_WARN_64_TO_32_BIT_CONVERSION = YES;
				GCC_WARN_ABOUT_RETURN_TYPE = YES_ERROR;
				GCC_WARN_UNDECLARED_SELECTOR = YES;
				GCC_WARN_UNINITIALIZED_AUTOS = YES_AGGRESSIVE;
				GCC_WARN_UNUSED_FUNCTION = YES;
				GCC_WARN_UNUSED_VARIABLE = YES;
				IPHONEOS_DEPLOYMENT_TARGET = 13.2;
				MTL_ENABLE_DEBUG_INFO = NO;
				MTL_FAST_MATH = YES;
				SDKROOT = iphoneos;
				SWIFT_COMPILATION_MODE = wholemodule;
				SWIFT_OPTIMIZATION_LEVEL = "-O";
				VALIDATE_PRODUCT = YES;
			};
			name = Release;
		};
		7F55C8B823BF505700767455 /* Debug */ = {
			isa = XCBuildConfiguration;
			buildSettings = {
				ASSETCATALOG_COMPILER_APPICON_NAME = AppIcon;
				CODE_SIGN_STYLE = Automatic;
				DEVELOPMENT_ASSET_PATHS = "\"SpeechRecognitionDemo/Preview Content\"";
				DEVELOPMENT_TEAM = HN9Y8ARPK7;
				ENABLE_PREVIEWS = YES;
				INFOPLIST_FILE = SpeechRecognitionDemo/Info.plist;
				IPHONEOS_DEPLOYMENT_TARGET = 13.1;
				LD_RUNPATH_SEARCH_PATHS = (
					"$(inherited)",
					"@executable_path/Frameworks",
				);
				PRODUCT_BUNDLE_IDENTIFIER = dk.mjolner.jrv.SpeechRecognitionDemo;
				PRODUCT_NAME = SpeechRecognitionDemo;
				SWIFT_VERSION = 5.0;
				TARGETED_DEVICE_FAMILY = "1,2";
			};
			name = Debug;
		};
		7F55C8B923BF505700767455 /* Release */ = {
			isa = XCBuildConfiguration;
			buildSettings = {
				ASSETCATALOG_COMPILER_APPICON_NAME = AppIcon;
				CODE_SIGN_STYLE = Automatic;
				DEVELOPMENT_ASSET_PATHS = "\"SpeechRecognitionDemo/Preview Content\"";
				DEVELOPMENT_TEAM = HN9Y8ARPK7;
				ENABLE_PREVIEWS = YES;
				INFOPLIST_FILE = SpeechRecognitionDemo/Info.plist;
				IPHONEOS_DEPLOYMENT_TARGET = 13.1;
				LD_RUNPATH_SEARCH_PATHS = (
					"$(inherited)",
					"@executable_path/Frameworks",
				);
				PRODUCT_BUNDLE_IDENTIFIER = dk.mjolner.jrv.SpeechRecognitionDemo;
				PRODUCT_NAME = SpeechRecognitionDemo;
				SWIFT_VERSION = 5.0;
				TARGETED_DEVICE_FAMILY = "1,2";
			};
			name = Release;
		};
		7F55C8BB23BF505700767455 /* Debug */ = {
			isa = XCBuildConfiguration;
			buildSettings = {
				ALWAYS_EMBED_SWIFT_STANDARD_LIBRARIES = YES;
				BUNDLE_LOADER = "$(TEST_HOST)";
				CODE_SIGN_STYLE = Automatic;
				DEVELOPMENT_TEAM = HN9Y8ARPK7;
				INFOPLIST_FILE = SpeechRecognitionDemoTests/Info.plist;
				IPHONEOS_DEPLOYMENT_TARGET = 13.2;
				LD_RUNPATH_SEARCH_PATHS = (
					"$(inherited)",
					"@executable_path/Frameworks",
					"@loader_path/Frameworks",
				);
				PRODUCT_BUNDLE_IDENTIFIER = dk.mjolner.jrv.SpeechRecognitionDemoTests;
				PRODUCT_NAME = "$(TARGET_NAME)";
				SWIFT_VERSION = 5.0;
				TARGETED_DEVICE_FAMILY = "1,2";
				TEST_HOST = "$(BUILT_PRODUCTS_DIR)/SpeechRecognitionDemo.app/SpeechRecognitionDemo";
			};
			name = Debug;
		};
		7F55C8BC23BF505700767455 /* Release */ = {
			isa = XCBuildConfiguration;
			buildSettings = {
				ALWAYS_EMBED_SWIFT_STANDARD_LIBRARIES = YES;
				BUNDLE_LOADER = "$(TEST_HOST)";
				CODE_SIGN_STYLE = Automatic;
				DEVELOPMENT_TEAM = HN9Y8ARPK7;
				INFOPLIST_FILE = SpeechRecognitionDemoTests/Info.plist;
				IPHONEOS_DEPLOYMENT_TARGET = 13.2;
				LD_RUNPATH_SEARCH_PATHS = (
					"$(inherited)",
					"@executable_path/Frameworks",
					"@loader_path/Frameworks",
				);
				PRODUCT_BUNDLE_IDENTIFIER = dk.mjolner.jrv.SpeechRecognitionDemoTests;
				PRODUCT_NAME = "$(TARGET_NAME)";
				SWIFT_VERSION = 5.0;
				TARGETED_DEVICE_FAMILY = "1,2";
				TEST_HOST = "$(BUILT_PRODUCTS_DIR)/SpeechRecognitionDemo.app/SpeechRecognitionDemo";
			};
			name = Release;
		};
/* End XCBuildConfiguration section */

/* Begin XCConfigurationList section */
		7F55C89323BF504F00767455 /* Build configuration list for PBXProject "SpeechRecognitionDemo" */ = {
			isa = XCConfigurationList;
			buildConfigurations = (
				7F55C8B523BF505700767455 /* Debug */,
				7F55C8B623BF505700767455 /* Release */,
			);
			defaultConfigurationIsVisible = 0;
			defaultConfigurationName = Release;
		};
		7F55C8B723BF505700767455 /* Build configuration list for PBXNativeTarget "SpeechRecognitionDemo" */ = {
			isa = XCConfigurationList;
			buildConfigurations = (
				7F55C8B823BF505700767455 /* Debug */,
				7F55C8B923BF505700767455 /* Release */,
			);
			defaultConfigurationIsVisible = 0;
			defaultConfigurationName = Release;
		};
		7F55C8BA23BF505700767455 /* Build configuration list for PBXNativeTarget "SpeechRecognitionDemoTests" */ = {
			isa = XCConfigurationList;
			buildConfigurations = (
				7F55C8BB23BF505700767455 /* Debug */,
				7F55C8BC23BF505700767455 /* Release */,
			);
			defaultConfigurationIsVisible = 0;
			defaultConfigurationName = Release;
		};
/* End XCConfigurationList section */
	};
	rootObject = 7F55C89023BF504F00767455 /* Project object */;
}
